
Microsoft Visual Studio Solution File, Format Version 12.00
# Visual Studio Version 17
VisualStudioVersion = 17.5.33424.131
MinimumVisualStudioVersion = 10.0.40219.1
Project("{FAE04EC0-301F-11D3-BF4B-00C04F79EFBC}") = "ConcertDB", "ConcertDB\ConcertDB.csproj", "{5BF3B512-C9C8-465D-8457-043738704A21}"
EndProject
Global
	GlobalSection(SolutionConfigurationPlatforms) = preSolution
		Debug|Any CPU = Debug|Any CPU
		Release|Any CPU = Release|Any CPU
	EndGlobalSection
	GlobalSection(ProjectConfigurationPlatforms) = postSolution
		{5BF3B512-C9C8-465D-8457-043738704A21}.Debug|Any CPU.ActiveCfg = Debug|Any CPU
		{5BF3B512-C9C8-465D-8457-043738704A21}.Debug|Any CPU.Build.0 = Debug|Any CPU
		{5BF3B512-C9C8-465D-8457-043738704A21}.Release|Any CPU.ActiveCfg = Release|Any CPU
		{5BF3B512-C9C8-465D-8457-043738704A21}.Release|Any CPU.Build.0 = Release|Any CPU
	EndGlobalSection
	GlobalSection(SolutionProperties) = preSolution
		HideSolutionNode = FALSE
	EndGlobalSection
	GlobalSection(ExtensibilityGlobals) = postSolution
		SolutionGuid = {B46AD3BF-0299-47DB-A029-B9E18465EDD5}
	EndGlobalSection
EndGlobal
